{
    "_readme": [
        "This file locks the dependencies of your project to a known state",
        "Read more about it at https://getcomposer.org/doc/01-basic-usage.md#composer-lock-the-lock-file",
        "This file is @generated automatically"
    ],
    "content-hash": "169239c8e9f10e77df2239c17a564e40",
    "packages": [
        {
            "name": "max_dark/useless-abstraction",
            "version": "1.1",
            "source": {
                "type": "git",
                "url": "https://github.com/max-dark/useless-abstraction.git",
                "reference": "d613aa515b6aafcaa98ca460e5777312dc62f5ab"
            },
            "dist": {
                "type": "zip",
                "url": "https://api.github.com/repos/max-dark/useless-abstraction/zipball/d613aa515b6aafcaa98ca460e5777312dc62f5ab",
                "reference": "d613aa515b6aafcaa98ca460e5777312dc62f5ab",
                "shasum": ""
            },
            "require": {
                "php": ">=5.6.4"
            },
            "type": "library",
            "autoload": {
                "psr-4": {
                    "useless\\abstraction\\": "src/"
                }
            },
            "notification-url": "https://packagist.org/downloads/",
            "license": [
                "MIT"
            ],
            "authors": [
                {
                    "name": "Max Dark",
                    "email": "maxim.dark@gmail.com"
                }
            ],
            "description": "useless\\abstraction library",
            "homepage": "https://bitbucket.org/max_dark/useless-abstraction",
            "time": "2017-06-13T15:48:57+00:00"
        }
    ],
    "packages-dev": [],
    "aliases": [],
    "minimum-stability": "stable",
    "stability-flags": [],
    "prefer-stable": false,
    "prefer-lowest": false,
    "platform": {
        "php": ">=5.6.4"
    },
    "platform-dev": []
}
